
Microsoft Visual Studio Solution File, Format Version 12.00
# Visual Studio 2012
Project("{FAE04EC0-301F-11D3-BF4B-00C04F79EFBC}") = "AbstractFactory", "Creacional1\AbstractFactory.csproj", "{56693A0C-F30E-410D-9686-DA1448B12C9E}"
EndProject
Project("{2150E333-8FDC-42A3-9474-1A3956D46DE8}") = "Creacionales", "Creacionales", "{08F61C06-47F7-44FC-A675-015E004AC3E4}"
EndProject
Project("{2150E333-8FDC-42A3-9474-1A3956D46DE8}") = "Estructurales", "Estructurales", "{C67274B4-4008-421C-9AB7-68D6244A5FD5}"
EndProject
Project("{2150E333-8FDC-42A3-9474-1A3956D46DE8}") = "Comportamiento", "Comportamiento", "{DE51F4F5-743C-474B-A296-397126424763}"
EndProject
Project("{FAE04EC0-301F-11D3-BF4B-00C04F79EFBC}") = "Prototype", "Prototype\Prototype.csproj", "{07CD0075-F0F0-4DAA-90DE-DCAB077EC7CC}"
EndProject
Project("{FAE04EC0-301F-11D3-BF4B-00C04F79EFBC}") = "Singleton", "Singleton\Singleton.csproj", "{6137EDC7-73F6-4E4F-8D5E-3A76439AE355}"
EndProject
Project("{FAE04EC0-301F-11D3-BF4B-00C04F79EFBC}") = "Composite", "Composite\Composite.csproj", "{D28B0DDE-F51F-42F9-8984-9272065D9C8A}"
EndProject
Project("{FAE04EC0-301F-11D3-BF4B-00C04F79EFBC}") = "Facade", "Facade\Facade.csproj", "{180E41FC-BAF7-4C2F-A183-BFDC5C4AB789}"
EndProject
Project("{FAE04EC0-301F-11D3-BF4B-00C04F79EFBC}") = "Proxy", "Proxy\Proxy.csproj", "{603AD482-5AFA-4388-BC4D-9838C0F98A93}"
EndProject
Project("{FAE04EC0-301F-11D3-BF4B-00C04F79EFBC}") = "Memento", "Memento\Memento.csproj", "{307DE11F-25E0-4747-896A-D6B195A7B931}"
EndProject
Project("{FAE04EC0-301F-11D3-BF4B-00C04F79EFBC}") = "Observer", "Observer\Observer.csproj", "{FF6336E6-F1B2-4BE6-BECB-B98948076EED}"
EndProject
Project("{FAE04EC0-301F-11D3-BF4B-00C04F79EFBC}") = "Strategy", "Strategy\Strategy.csproj", "{1EB500F1-F167-4870-8437-1AB270932D33}"
EndProject
Global
	GlobalSection(SolutionConfigurationPlatforms) = preSolution
		Debug|Any CPU = Debug|Any CPU
		Release|Any CPU = Release|Any CPU
	EndGlobalSection
	GlobalSection(ProjectConfigurationPlatforms) = postSolution
		{56693A0C-F30E-410D-9686-DA1448B12C9E}.Debug|Any CPU.ActiveCfg = Debug|Any CPU
		{56693A0C-F30E-410D-9686-DA1448B12C9E}.Debug|Any CPU.Build.0 = Debug|Any CPU
		{56693A0C-F30E-410D-9686-DA1448B12C9E}.Release|Any CPU.ActiveCfg = Release|Any CPU
		{56693A0C-F30E-410D-9686-DA1448B12C9E}.Release|Any CPU.Build.0 = Release|Any CPU
		{07CD0075-F0F0-4DAA-90DE-DCAB077EC7CC}.Debug|Any CPU.ActiveCfg = Debug|Any CPU
		{07CD0075-F0F0-4DAA-90DE-DCAB077EC7CC}.Debug|Any CPU.Build.0 = Debug|Any CPU
		{07CD0075-F0F0-4DAA-90DE-DCAB077EC7CC}.Release|Any CPU.ActiveCfg = Release|Any CPU
		{07CD0075-F0F0-4DAA-90DE-DCAB077EC7CC}.Release|Any CPU.Build.0 = Release|Any CPU
		{6137EDC7-73F6-4E4F-8D5E-3A76439AE355}.Debug|Any CPU.ActiveCfg = Debug|Any CPU
		{6137EDC7-73F6-4E4F-8D5E-3A76439AE355}.Debug|Any CPU.Build.0 = Debug|Any CPU
		{6137EDC7-73F6-4E4F-8D5E-3A76439AE355}.Release|Any CPU.ActiveCfg = Release|Any CPU
		{6137EDC7-73F6-4E4F-8D5E-3A76439AE355}.Release|Any CPU.Build.0 = Release|Any CPU
		{D28B0DDE-F51F-42F9-8984-9272065D9C8A}.Debug|Any CPU.ActiveCfg = Debug|Any CPU
		{D28B0DDE-F51F-42F9-8984-9272065D9C8A}.Debug|Any CPU.Build.0 = Debug|Any CPU
		{D28B0DDE-F51F-42F9-8984-9272065D9C8A}.Release|Any CPU.ActiveCfg = Release|Any CPU
		{D28B0DDE-F51F-42F9-8984-9272065D9C8A}.Release|Any CPU.Build.0 = Release|Any CPU
		{180E41FC-BAF7-4C2F-A183-BFDC5C4AB789}.Debug|Any CPU.ActiveCfg = Debug|Any CPU
		{180E41FC-BAF7-4C2F-A183-BFDC5C4AB789}.Debug|Any CPU.Build.0 = Debug|Any CPU
		{180E41FC-BAF7-4C2F-A183-BFDC5C4AB789}.Release|Any CPU.ActiveCfg = Release|Any CPU
		{180E41FC-BAF7-4C2F-A183-BFDC5C4AB789}.Release|Any CPU.Build.0 = Release|Any CPU
		{603AD482-5AFA-4388-BC4D-9838C0F98A93}.Debug|Any CPU.ActiveCfg = Debug|Any CPU
		{603AD482-5AFA-4388-BC4D-9838C0F98A93}.Debug|Any CPU.Build.0 = Debug|Any CPU
		{603AD482-5AFA-4388-BC4D-9838C0F98A93}.Release|Any CPU.ActiveCfg = Release|Any CPU
		{603AD482-5AFA-4388-BC4D-9838C0F98A93}.Release|Any CPU.Build.0 = Release|Any CPU
		{307DE11F-25E0-4747-896A-D6B195A7B931}.Debug|Any CPU.ActiveCfg = Debug|Any CPU
		{307DE11F-25E0-4747-896A-D6B195A7B931}.Debug|Any CPU.Build.0 = Debug|Any CPU
		{307DE11F-25E0-4747-896A-D6B195A7B931}.Release|Any CPU.ActiveCfg = Release|Any CPU
		{307DE11F-25E0-4747-896A-D6B195A7B931}.Release|Any CPU.Build.0 = Release|Any CPU
		{FF6336E6-F1B2-4BE6-BECB-B98948076EED}.Debug|Any CPU.ActiveCfg = Debug|Any CPU
		{FF6336E6-F1B2-4BE6-BECB-B98948076EED}.Debug|Any CPU.Build.0 = Debug|Any CPU
		{FF6336E6-F1B2-4BE6-BECB-B98948076EED}.Release|Any CPU.ActiveCfg = Release|Any CPU
		{FF6336E6-F1B2-4BE6-BECB-B98948076EED}.Release|Any CPU.Build.0 = Release|Any CPU
		{1EB500F1-F167-4870-8437-1AB270932D33}.Debug|Any CPU.ActiveCfg = Debug|Any CPU
		{1EB500F1-F167-4870-8437-1AB270932D33}.Debug|Any CPU.Build.0 = Debug|Any CPU
		{1EB500F1-F167-4870-8437-1AB270932D33}.Release|Any CPU.ActiveCfg = Release|Any CPU
		{1EB500F1-F167-4870-8437-1AB270932D33}.Release|Any CPU.Build.0 = Release|Any CPU
	EndGlobalSection
	GlobalSection(SolutionProperties) = preSolution
		HideSolutionNode = FALSE
	EndGlobalSection
	GlobalSection(NestedProjects) = preSolution
		{56693A0C-F30E-410D-9686-DA1448B12C9E} = {08F61C06-47F7-44FC-A675-015E004AC3E4}
		{07CD0075-F0F0-4DAA-90DE-DCAB077EC7CC} = {08F61C06-47F7-44FC-A675-015E004AC3E4}
		{6137EDC7-73F6-4E4F-8D5E-3A76439AE355} = {08F61C06-47F7-44FC-A675-015E004AC3E4}
		{D28B0DDE-F51F-42F9-8984-9272065D9C8A} = {C67274B4-4008-421C-9AB7-68D6244A5FD5}
		{180E41FC-BAF7-4C2F-A183-BFDC5C4AB789} = {C67274B4-4008-421C-9AB7-68D6244A5FD5}
		{603AD482-5AFA-4388-BC4D-9838C0F98A93} = {C67274B4-4008-421C-9AB7-68D6244A5FD5}
		{307DE11F-25E0-4747-896A-D6B195A7B931} = {DE51F4F5-743C-474B-A296-397126424763}
		{FF6336E6-F1B2-4BE6-BECB-B98948076EED} = {DE51F4F5-743C-474B-A296-397126424763}
		{1EB500F1-F167-4870-8437-1AB270932D33} = {DE51F4F5-743C-474B-A296-397126424763}
	EndGlobalSection
EndGlobal
